// !$*UTF8*$!
{
	archiveVersion = 1;
	classes = {
	};
	objectVersion = 50;
	objects = {

/* Begin PBXBuildFile section */
		1FA969BDA673F936B71C0DF8 /* libPods-ARTest-svTests.a in Frameworks */ = {isa = PBXBuildFile; fileRef = E2E43CED0329D01C06A08E6E /* libPods-ARTest-svTests.a */; };
		900870E9231E479E00BB3650 /* AppDelegate.m in Sources */ = {isa = PBXBuildFile; fileRef = 900870E8231E479E00BB3650 /* AppDelegate.m */; };
		900870EC231E479E00BB3650 /* ViewController.m in Sources */ = {isa = PBXBuildFile; fileRef = 900870EB231E479E00BB3650 /* ViewController.m */; };
		900870EF231E479E00BB3650 /* Main.storyboard in Resources */ = {isa = PBXBuildFile; fileRef = 900870ED231E479E00BB3650 /* Main.storyboard */; };
		900870F2231E479E00BB3650 /* ARTest_sv.xcdatamodeld in Sources */ = {isa = PBXBuildFile; fileRef = 900870F0231E479E00BB3650 /* ARTest_sv.xcdatamodeld */; };
		900870F4231E479F00BB3650 /* Assets.xcassets in Resources */ = {isa = PBXBuildFile; fileRef = 900870F3231E479F00BB3650 /* Assets.xcassets */; };
		900870F7231E479F00BB3650 /* LaunchScreen.storyboard in Resources */ = {isa = PBXBuildFile; fileRef = 900870F5231E479F00BB3650 /* LaunchScreen.storyboard */; };
		900870FA231E479F00BB3650 /* main.m in Sources */ = {isa = PBXBuildFile; fileRef = 900870F9231E479F00BB3650 /* main.m */; };
		90087104231E479F00BB3650 /* ARTest_svTests.m in Sources */ = {isa = PBXBuildFile; fileRef = 90087103231E479F00BB3650 /* ARTest_svTests.m */; };
		9008710F231E479F00BB3650 /* ARTest_svUITests.m in Sources */ = {isa = PBXBuildFile; fileRef = 9008710E231E479F00BB3650 /* ARTest_svUITests.m */; };
		9008711F231E482C00BB3650 /* ARSCNViewController.m in Sources */ = {isa = PBXBuildFile; fileRef = 9008711E231E482C00BB3650 /* ARSCNViewController.m */; };
		90087124231E611100BB3650 /* Models.scnassets in Resources */ = {isa = PBXBuildFile; fileRef = 90087123231E611100BB3650 /* Models.scnassets */; };
		903F27FA23209A7400F63512 /* MapViewController.m in Sources */ = {isa = PBXBuildFile; fileRef = 903F27F823209A7400F63512 /* MapViewController.m */; };
		903F27FB23209A7400F63512 /* MapViewController.xib in Resources */ = {isa = PBXBuildFile; fileRef = 903F27F923209A7400F63512 /* MapViewController.xib */; };
		903F280023209D4100F63512 /* ZXNavVC.m in Sources */ = {isa = PBXBuildFile; fileRef = 903F27FF23209D4100F63512 /* ZXNavVC.m */; };
		90F6483723220AF700ADFE9F /* image.xcassets in Resources */ = {isa = PBXBuildFile; fileRef = 90F6483623220AF700ADFE9F /* image.xcassets */; };
		90F6483B23223CD100ADFE9F /* ZXPinAnnotationView.m in Sources */ = {isa = PBXBuildFile; fileRef = 90F6483A23223CD100ADFE9F /* ZXPinAnnotationView.m */; };
		90F6483E2325E4AA00ADFE9F /* ChatView.m in Sources */ = {isa = PBXBuildFile; fileRef = 90F6483D2325E4AA00ADFE9F /* ChatView.m */; };
		90F648402325E4D000ADFE9F /* ChatView.xib in Resources */ = {isa = PBXBuildFile; fileRef = 90F6483F2325E4D000ADFE9F /* ChatView.xib */; };
		914FB00FFB50DE0A9E64EF4F /* libPods-ARTest-sv.a in Frameworks */ = {isa = PBXBuildFile; fileRef = 191BF1228020BF41EF64F2EE /* libPods-ARTest-sv.a */; };
		AAABAFB0EE2E2BD9310E3B74 /* libPods-ARTest-svUITests.a in Frameworks */ = {isa = PBXBuildFile; fileRef = 6818D995A72306DEC6296D11 /* libPods-ARTest-svUITests.a */; };
/* End PBXBuildFile section */

/* Begin PBXContainerItemProxy section */
		90087100231E479F00BB3650 /* PBXContainerItemProxy */ = {
			isa = PBXContainerItemProxy;
			containerPortal = 900870DC231E479E00BB3650 /* Project object */;
			proxyType = 1;
			remoteGlobalIDString = 900870E3231E479E00BB3650;
			remoteInfo = "ARTest-sv";
		};
		9008710B231E479F00BB3650 /* PBXContainerItemProxy */ = {
			isa = PBXContainerItemProxy;
			containerPortal = 900870DC231E479E00BB3650 /* Project object */;
			proxyType = 1;
			remoteGlobalIDString = 900870E3231E479E00BB3650;
			remoteInfo = "ARTest-sv";
		};
/* End PBXContainerItemProxy section */

/* Begin PBXFileReference section */
		191BF1228020BF41EF64F2EE /* libPods-ARTest-sv.a */ = {isa = PBXFileReference; explicitFileType = archive.ar; includeInIndex = 0; path = "libPods-ARTest-sv.a"; sourceTree = BUILT_PRODUCTS_DIR; };
		1C39673A81F75B419971BD37 /* Pods-ARTest-sv.release.xcconfig */ = {isa = PBXFileReference; includeInIndex = 1; lastKnownFileType = text.xcconfig; name = "Pods-ARTest-sv.release.xcconfig"; path = "Pods/Target Support Files/Pods-ARTest-sv/Pods-ARTest-sv.release.xcconfig"; sourceTree = "<group>"; };
		4895A3D5A30C7449408B0F87 /* Pods-ARTest-svTests.debug.xcconfig */ = {isa = PBXFileReference; includeInIndex = 1; lastKnownFileType = text.xcconfig; name = "Pods-ARTest-svTests.debug.xcconfig"; path = "Pods/Target Support Files/Pods-ARTest-svTests/Pods-ARTest-svTests.debug.xcconfig"; sourceTree = "<group>"; };
		6818D995A72306DEC6296D11 /* libPods-ARTest-svUITests.a */ = {isa = PBXFileReference; explicitFileType = archive.ar; includeInIndex = 0; path = "libPods-ARTest-svUITests.a"; sourceTree = BUILT_PRODUCTS_DIR; };
		6EA528C33D43E52AFD2922B5 /* Pods-ARTest-svUITests.debug.xcconfig */ = {isa = PBXFileReference; includeInIndex = 1; lastKnownFileType = text.xcconfig; name = "Pods-ARTest-svUITests.debug.xcconfig"; path = "Pods/Target Support Files/Pods-ARTest-svUITests/Pods-ARTest-svUITests.debug.xcconfig"; sourceTree = "<group>"; };
		875EBDBA9392D110DE95F7C4 /* Pods-ARTest-svUITests.release.xcconfig */ = {isa = PBXFileReference; includeInIndex = 1; lastKnownFileType = text.xcconfig; name = "Pods-ARTest-svUITests.release.xcconfig"; path = "Pods/Target Support Files/Pods-ARTest-svUITests/Pods-ARTest-svUITests.release.xcconfig"; sourceTree = "<group>"; };
		900870E4231E479E00BB3650 /* ARTest-sv.app */ = {isa = PBXFileReference; explicitFileType = wrapper.application; includeInIndex = 0; path = "ARTest-sv.app"; sourceTree = BUILT_PRODUCTS_DIR; };
		900870E7231E479E00BB3650 /* AppDelegate.h */ = {isa = PBXFileReference; lastKnownFileType = sourcecode.c.h; path = AppDelegate.h; sourceTree = "<group>"; };
		900870E8231E479E00BB3650 /* AppDelegate.m */ = {isa = PBXFileReference; lastKnownFileType = sourcecode.c.objc; path = AppDelegate.m; sourceTree = "<group>"; };
		900870EA231E479E00BB3650 /* ViewController.h */ = {isa = PBXFileReference; lastKnownFileType = sourcecode.c.h; path = ViewController.h; sourceTree = "<group>"; };
		900870EB231E479E00BB3650 /* ViewController.m */ = {isa = PBXFileReference; lastKnownFileType = sourcecode.c.objc; path = ViewController.m; sourceTree = "<group>"; };
		900870EE231E479E00BB3650 /* Base */ = {isa = PBXFileReference; lastKnownFileType = file.storyboard; name = Base; path = Base.lproj/Main.storyboard; sourceTree = "<group>"; };
		900870F1231E479E00BB3650 /* ARTest_sv.xcdatamodel */ = {isa = PBXFileReference; lastKnownFileType = wrapper.xcdatamodel; path = ARTest_sv.xcdatamodel; sourceTree = "<group>"; };
		900870F3231E479F00BB3650 /* Assets.xcassets */ = {isa = PBXFileReference; lastKnownFileType = folder.assetcatalog; path = Assets.xcassets; sourceTree = "<group>"; };
		900870F6231E479F00BB3650 /* Base */ = {isa = PBXFileReference; lastKnownFileType = file.storyboard; name = Base; path = Base.lproj/LaunchScreen.storyboard; sourceTree = "<group>"; };
		900870F8231E479F00BB3650 /* Info.plist */ = {isa = PBXFileReference; lastKnownFileType = text.plist.xml; path = Info.plist; sourceTree = "<group>"; };
		900870F9231E479F00BB3650 /* main.m */ = {isa = PBXFileReference; lastKnownFileType = sourcecode.c.objc; path = main.m; sourceTree = "<group>"; };
		900870FF231E479F00BB3650 /* ARTest-svTests.xctest */ = {isa = PBXFileReference; explicitFileType = wrapper.cfbundle; includeInIndex = 0; path = "ARTest-svTests.xctest"; sourceTree = BUILT_PRODUCTS_DIR; };
		90087103231E479F00BB3650 /* ARTest_svTests.m */ = {isa = PBXFileReference; lastKnownFileType = sourcecode.c.objc; path = ARTest_svTests.m; sourceTree = "<group>"; };
		90087105231E479F00BB3650 /* Info.plist */ = {isa = PBXFileReference; lastKnownFileType = text.plist.xml; path = Info.plist; sourceTree = "<group>"; };
		9008710A231E479F00BB3650 /* ARTest-svUITests.xctest */ = {isa = PBXFileReference; explicitFileType = wrapper.cfbundle; includeInIndex = 0; path = "ARTest-svUITests.xctest"; sourceTree = BUILT_PRODUCTS_DIR; };
		9008710E231E479F00BB3650 /* ARTest_svUITests.m */ = {isa = PBXFileReference; lastKnownFileType = sourcecode.c.objc; path = ARTest_svUITests.m; sourceTree = "<group>"; };
		90087110231E479F00BB3650 /* Info.plist */ = {isa = PBXFileReference; lastKnownFileType = text.plist.xml; path = Info.plist; sourceTree = "<group>"; };
		9008711D231E482C00BB3650 /* ARSCNViewController.h */ = {isa = PBXFileReference; lastKnownFileType = sourcecode.c.h; path = ARSCNViewController.h; sourceTree = "<group>"; };
		9008711E231E482C00BB3650 /* ARSCNViewController.m */ = {isa = PBXFileReference; lastKnownFileType = sourcecode.c.objc; path = ARSCNViewController.m; sourceTree = "<group>"; };
		90087123231E611100BB3650 /* Models.scnassets */ = {isa = PBXFileReference; lastKnownFileType = wrapper.scnassets; path = Models.scnassets; sourceTree = "<group>"; };
		903F27F723209A7400F63512 /* MapViewController.h */ = {isa = PBXFileReference; lastKnownFileType = sourcecode.c.h; path = MapViewController.h; sourceTree = "<group>"; };
		903F27F823209A7400F63512 /* MapViewController.m */ = {isa = PBXFileReference; lastKnownFileType = sourcecode.c.objc; path = MapViewController.m; sourceTree = "<group>"; };
		903F27F923209A7400F63512 /* MapViewController.xib */ = {isa = PBXFileReference; lastKnownFileType = file.xib; path = MapViewController.xib; sourceTree = "<group>"; };
		903F27FE23209D4100F63512 /* ZXNavVC.h */ = {isa = PBXFileReference; lastKnownFileType = sourcecode.c.h; path = ZXNavVC.h; sourceTree = "<group>"; };
		903F27FF23209D4100F63512 /* ZXNavVC.m */ = {isa = PBXFileReference; lastKnownFileType = sourcecode.c.objc; path = ZXNavVC.m; sourceTree = "<group>"; };
		903F28022320A05700F63512 /* PrefixHeader.pch */ = {isa = PBXFileReference; lastKnownFileType = sourcecode.c.h; path = PrefixHeader.pch; sourceTree = "<group>"; };
		90F6483623220AF700ADFE9F /* image.xcassets */ = {isa = PBXFileReference; lastKnownFileType = folder.assetcatalog; path = image.xcassets; sourceTree = "<group>"; };
		90F6483923223CD100ADFE9F /* ZXPinAnnotationView.h */ = {isa = PBXFileReference; lastKnownFileType = sourcecode.c.h; path = ZXPinAnnotationView.h; sourceTree = "<group>"; };
		90F6483A23223CD100ADFE9F /* ZXPinAnnotationView.m */ = {isa = PBXFileReference; lastKnownFileType = sourcecode.c.objc; path = ZXPinAnnotationView.m; sourceTree = "<group>"; };
		90F6483C2325E4AA00ADFE9F /* ChatView.h */ = {isa = PBXFileReference; lastKnownFileType = sourcecode.c.h; path = ChatView.h; sourceTree = "<group>"; };
		90F6483D2325E4AA00ADFE9F /* ChatView.m */ = {isa = PBXFileReference; lastKnownFileType = sourcecode.c.objc; path = ChatView.m; sourceTree = "<group>"; };
		90F6483F2325E4D000ADFE9F /* ChatView.xib */ = {isa = PBXFileReference; lastKnownFileType = file.xib; path = ChatView.xib; sourceTree = "<group>"; };
		AF4DE659E1748D6253CBEA6E /* Pods-ARTest-svTests.release.xcconfig */ = {isa = PBXFileReference; includeInIndex = 1; lastKnownFileType = text.xcconfig; name = "Pods-ARTest-svTests.release.xcconfig"; path = "Pods/Target Support Files/Pods-ARTest-svTests/Pods-ARTest-svTests.release.xcconfig"; sourceTree = "<group>"; };
		E2E43CED0329D01C06A08E6E /* libPods-ARTest-svTests.a */ = {isa = PBXFileReference; explicitFileType = archive.ar; includeInIndex = 0; path = "libPods-ARTest-svTests.a"; sourceTree = BUILT_PRODUCTS_DIR; };
		E58C799ED39E9CFB07817BF1 /* Pods-ARTest-sv.debug.xcconfig */ = {isa = PBXFileReference; includeInIndex = 1; lastKnownFileType = text.xcconfig; name = "Pods-ARTest-sv.debug.xcconfig"; path = "Pods/Target Support Files/Pods-ARTest-sv/Pods-ARTest-sv.debug.xcconfig"; sourceTree = "<group>"; };
/* End PBXFileReference section */

/* Begin PBXFrameworksBuildPhase section */
		900870E1231E479E00BB3650 /* Frameworks */ = {
			isa = PBXFrameworksBuildPhase;
			buildActionMask = 2147483647;
			files = (
				914FB00FFB50DE0A9E64EF4F /* libPods-ARTest-sv.a in Frameworks */,
			);
			runOnlyForDeploymentPostprocessing = 0;
		};
		900870FC231E479F00BB3650 /* Frameworks */ = {
			isa = PBXFrameworksBuildPhase;
			buildActionMask = 2147483647;
			files = (
				1FA969BDA673F936B71C0DF8 /* libPods-ARTest-svTests.a in Frameworks */,
			);
			runOnlyForDeploymentPostprocessing = 0;
		};
		90087107231E479F00BB3650 /* Frameworks */ = {
			isa = PBXFrameworksBuildPhase;
			buildActionMask = 2147483647;
			files = (
				AAABAFB0EE2E2BD9310E3B74 /* libPods-ARTest-svUITests.a in Frameworks */,
			);
			runOnlyForDeploymentPostprocessing = 0;
		};
/* End PBXFrameworksBuildPhase section */

/* Begin PBXGroup section */
		53BB36A21CA75FF742360A77 /* Frameworks */ = {
			isa = PBXGroup;
			children = (
				191BF1228020BF41EF64F2EE /* libPods-ARTest-sv.a */,
				E2E43CED0329D01C06A08E6E /* libPods-ARTest-svTests.a */,
				6818D995A72306DEC6296D11 /* libPods-ARTest-svUITests.a */,
			);
			name = Frameworks;
			sourceTree = "<group>";
		};
		6D843206312475729F90453F /* Pods */ = {
			isa = PBXGroup;
			children = (
				E58C799ED39E9CFB07817BF1 /* Pods-ARTest-sv.debug.xcconfig */,
				1C39673A81F75B419971BD37 /* Pods-ARTest-sv.release.xcconfig */,
				4895A3D5A30C7449408B0F87 /* Pods-ARTest-svTests.debug.xcconfig */,
				AF4DE659E1748D6253CBEA6E /* Pods-ARTest-svTests.release.xcconfig */,
				6EA528C33D43E52AFD2922B5 /* Pods-ARTest-svUITests.debug.xcconfig */,
				875EBDBA9392D110DE95F7C4 /* Pods-ARTest-svUITests.release.xcconfig */,
			);
			name = Pods;
			sourceTree = "<group>";
		};
		900870DB231E479E00BB3650 = {
			isa = PBXGroup;
			children = (
				900870E6231E479E00BB3650 /* ARTest-sv */,
				90087102231E479F00BB3650 /* ARTest-svTests */,
				9008710D231E479F00BB3650 /* ARTest-svUITests */,
				900870E5231E479E00BB3650 /* Products */,
				6D843206312475729F90453F /* Pods */,
				53BB36A21CA75FF742360A77 /* Frameworks */,
			);
			sourceTree = "<group>";
		};
		900870E5231E479E00BB3650 /* Products */ = {
			isa = PBXGroup;
			children = (
				900870E4231E479E00BB3650 /* ARTest-sv.app */,
				900870FF231E479F00BB3650 /* ARTest-svTests.xctest */,
				9008710A231E479F00BB3650 /* ARTest-svUITests.xctest */,
			);
			name = Products;
			sourceTree = "<group>";
		};
		900870E6231E479E00BB3650 /* ARTest-sv */ = {
			isa = PBXGroup;
			children = (
				908D6FEC233B18360025E688 /* Main */,
				903F27FC23209D1000F63512 /* Base */,
				908D6FED233B18840025E688 /* Section */,
				908D6FEB233B18170025E688 /* Frame */,
				908D6FEA233B17BE0025E688 /* Configure */,
				90F6483823223CA900ADFE9F /* Custom */,
				90F6483523220AB500ADFE9F /* Resources */,
			);
			path = "ARTest-sv";
			sourceTree = "<group>";
		};
		90087102231E479F00BB3650 /* ARTest-svTests */ = {
			isa = PBXGroup;
			children = (
				90087103231E479F00BB3650 /* ARTest_svTests.m */,
				90087105231E479F00BB3650 /* Info.plist */,
			);
			path = "ARTest-svTests";
			sourceTree = "<group>";
		};
		9008710D231E479F00BB3650 /* ARTest-svUITests */ = {
			isa = PBXGroup;
			children = (
				9008710E231E479F00BB3650 /* ARTest_svUITests.m */,
				90087110231E479F00BB3650 /* Info.plist */,
			);
			path = "ARTest-svUITests";
			sourceTree = "<group>";
		};
		9008711C231E47FA00BB3650 /* ARVC */ = {
			isa = PBXGroup;
			children = (
				9008711D231E482C00BB3650 /* ARSCNViewController.h */,
				9008711E231E482C00BB3650 /* ARSCNViewController.m */,
			);
			path = ARVC;
			sourceTree = "<group>";
		};
		903F27FC23209D1000F63512 /* Base */ = {
			isa = PBXGroup;
			children = (
				903F27FD23209D1600F63512 /* Nav */,
			);
			path = Base;
			sourceTree = "<group>";
		};
		903F27FD23209D1600F63512 /* Nav */ = {
			isa = PBXGroup;
			children = (
				903F27FE23209D4100F63512 /* ZXNavVC.h */,
				903F27FF23209D4100F63512 /* ZXNavVC.m */,
			);
			path = Nav;
			sourceTree = "<group>";
		};
		908D6FEA233B17BE0025E688 /* Configure */ = {
			isa = PBXGroup;
			children = (
				900870F8231E479F00BB3650 /* Info.plist */,
			);
			path = Configure;
			sourceTree = "<group>";
		};
		908D6FEB233B18170025E688 /* Frame */ = {
			isa = PBXGroup;
			children = (
				903F28022320A05700F63512 /* PrefixHeader.pch */,
			);
			path = Frame;
			sourceTree = "<group>";
		};
		908D6FEC233B18360025E688 /* Main */ = {
			isa = PBXGroup;
			children = (
				900870E7231E479E00BB3650 /* AppDelegate.h */,
				900870E8231E479E00BB3650 /* AppDelegate.m */,
				900870EA231E479E00BB3650 /* ViewController.h */,
				900870EB231E479E00BB3650 /* ViewController.m */,
			);
			path = Main;
			sourceTree = "<group>";
		};
		908D6FED233B18840025E688 /* Section */ = {
			isa = PBXGroup;
			children = (
				90CB19C1232098DD0056227A /* MapVC */,
				9008711C231E47FA00BB3650 /* ARVC */,
			);
			path = Section;
			sourceTree = "<group>";
		};
		90CB19C1232098DD0056227A /* MapVC */ = {
			isa = PBXGroup;
			children = (
				903F27F723209A7400F63512 /* MapViewController.h */,
				903F27F823209A7400F63512 /* MapViewController.m */,
				903F27F923209A7400F63512 /* MapViewController.xib */,
			);
			path = MapVC;
			sourceTree = "<group>";
		};
		90F6483523220AB500ADFE9F /* Resources */ = {
			isa = PBXGroup;
			children = (
				900870ED231E479E00BB3650 /* Main.storyboard */,
				900870F3231E479F00BB3650 /* Assets.xcassets */,
				900870F5231E479F00BB3650 /* LaunchScreen.storyboard */,
				900870F9231E479F00BB3650 /* main.m */,
				900870F0231E479E00BB3650 /* ARTest_sv.xcdatamodeld */,
				90087123231E611100BB3650 /* Models.scnassets */,
				90F6483623220AF700ADFE9F /* image.xcassets */,
			);
			path = Resources;
			sourceTree = "<group>";
		};
		90F6483823223CA900ADFE9F /* Custom */ = {
			isa = PBXGroup;
			children = (
				90F6483923223CD100ADFE9F /* ZXPinAnnotationView.h */,
				90F6483A23223CD100ADFE9F /* ZXPinAnnotationView.m */,
				90F6483C2325E4AA00ADFE9F /* ChatView.h */,
				90F6483D2325E4AA00ADFE9F /* ChatView.m */,
				90F6483F2325E4D000ADFE9F /* ChatView.xib */,
			);
			path = Custom;
			sourceTree = "<group>";
		};
/* End PBXGroup section */

/* Begin PBXNativeTarget section */
		900870E3231E479E00BB3650 /* ARTest-sv */ = {
			isa = PBXNativeTarget;
			buildConfigurationList = 90087113231E479F00BB3650 /* Build configuration list for PBXNativeTarget "ARTest-sv" */;
			buildPhases = (
				9DDF2DB5BC9112BC4906AB8C /* [CP] Check Pods Manifest.lock */,
				900870E0231E479E00BB3650 /* Sources */,
				900870E1231E479E00BB3650 /* Frameworks */,
				900870E2231E479E00BB3650 /* Resources */,
				B335A35CA39CF3A7A1108639 /* [CP] Copy Pods Resources */,
			);
			buildRules = (
			);
			dependencies = (
			);
			name = "ARTest-sv";
			productName = "ARTest-sv";
			productReference = 900870E4231E479E00BB3650 /* ARTest-sv.app */;
			productType = "com.apple.product-type.application";
		};
		900870FE231E479F00BB3650 /* ARTest-svTests */ = {
			isa = PBXNativeTarget;
			buildConfigurationList = 90087116231E479F00BB3650 /* Build configuration list for PBXNativeTarget "ARTest-svTests" */;
			buildPhases = (
				E56001D6E73A5004176DE087 /* [CP] Check Pods Manifest.lock */,
				900870FB231E479F00BB3650 /* Sources */,
				900870FC231E479F00BB3650 /* Frameworks */,
				900870FD231E479F00BB3650 /* Resources */,
			);
			buildRules = (
			);
			dependencies = (
				90087101231E479F00BB3650 /* PBXTargetDependency */,
			);
			name = "ARTest-svTests";
			productName = "ARTest-svTests";
			productReference = 900870FF231E479F00BB3650 /* ARTest-svTests.xctest */;
			productType = "com.apple.product-type.bundle.unit-test";
		};
		90087109231E479F00BB3650 /* ARTest-svUITests */ = {
			isa = PBXNativeTarget;
			buildConfigurationList = 90087119231E479F00BB3650 /* Build configuration list for PBXNativeTarget "ARTest-svUITests" */;
			buildPhases = (
				A39F30EC06DE38FAAEA48394 /* [CP] Check Pods Manifest.lock */,
				90087106231E479F00BB3650 /* Sources */,
				90087107231E479F00BB3650 /* Frameworks */,
				90087108231E479F00BB3650 /* Resources */,
			);
			buildRules = (
			);
			dependencies = (
				9008710C231E479F00BB3650 /* PBXTargetDependency */,
			);
			name = "ARTest-svUITests";
			productName = "ARTest-svUITests";
			productReference = 9008710A231E479F00BB3650 /* ARTest-svUITests.xctest */;
			productType = "com.apple.product-type.bundle.ui-testing";
		};
/* End PBXNativeTarget section */

/* Begin PBXProject section */
		900870DC231E479E00BB3650 /* Project object */ = {
			isa = PBXProject;
			attributes = {
				LastUpgradeCheck = 1020;
				ORGANIZATIONNAME = "张玺臣";
				TargetAttributes = {
					900870E3231E479E00BB3650 = {
						CreatedOnToolsVersion = 10.2;
					};
					900870FE231E479F00BB3650 = {
						CreatedOnToolsVersion = 10.2;
						TestTargetID = 900870E3231E479E00BB3650;
					};
					90087109231E479F00BB3650 = {
						CreatedOnToolsVersion = 10.2;
						TestTargetID = 900870E3231E479E00BB3650;
					};
				};
			};
			buildConfigurationList = 900870DF231E479E00BB3650 /* Build configuration list for PBXProject "ARTest-sv" */;
			compatibilityVersion = "Xcode 9.3";
			developmentRegion = en;
			hasScannedForEncodings = 0;
			knownRegions = (
				en,
				Base,
			);
			mainGroup = 900870DB231E479E00BB3650;
			productRefGroup = 900870E5231E479E00BB3650 /* Products */;
			projectDirPath = "";
			projectRoot = "";
			targets = (
				900870E3231E479E00BB3650 /* ARTest-sv */,
				900870FE231E479F00BB3650 /* ARTest-svTests */,
				90087109231E479F00BB3650 /* ARTest-svUITests */,
			);
		};
/* End PBXProject section */

/* Begin PBXResourcesBuildPhase section */
		900870E2231E479E00BB3650 /* Resources */ = {
			isa = PBXResourcesBuildPhase;
			buildActionMask = 2147483647;
			files = (
				90F648402325E4D000ADFE9F /* ChatView.xib in Resources */,
				900870F7231E479F00BB3650 /* LaunchScreen.storyboard in Resources */,
				90087124231E611100BB3650 /* Models.scnassets in Resources */,
				900870F4231E479F00BB3650 /* Assets.xcassets in Resources */,
				90F6483723220AF700ADFE9F /* image.xcassets in Resources */,
				903F27FB23209A7400F63512 /* MapViewController.xib in Resources */,
				900870EF231E479E00BB3650 /* Main.storyboard in Resources */,
			);
			runOnlyForDeploymentPostprocessing = 0;
		};
		900870FD231E479F00BB3650 /* Resources */ = {
			isa = PBXResourcesBuildPhase;
			buildActionMask = 2147483647;
			files = (
			);
			runOnlyForDeploymentPostprocessing = 0;
		};
		90087108231E479F00BB3650 /* Resources */ = {
			isa = PBXResourcesBuildPhase;
			buildActionMask = 2147483647;
			files = (
			);
			runOnlyForDeploymentPostprocessing = 0;
		};
/* End PBXResourcesBuildPhase section */

/* Begin PBXShellScriptBuildPhase section */
		9DDF2DB5BC9112BC4906AB8C /* [CP] Check Pods Manifest.lock */ = {
			isa = PBXShellScriptBuildPhase;
			buildActionMask = 2147483647;
			files = (
			);
			inputPaths = (
				"${PODS_PODFILE_DIR_PATH}/Podfile.lock",
				"${PODS_ROOT}/Manifest.lock",
			);
			name = "[CP] Check Pods Manifest.lock";
			outputPaths = (
				"$(DERIVED_FILE_DIR)/Pods-ARTest-sv-checkManifestLockResult.txt",
			);
			runOnlyForDeploymentPostprocessing = 0;
			shellPath = /bin/sh;
			shellScript = "diff \"${PODS_PODFILE_DIR_PATH}/Podfile.lock\" \"${PODS_ROOT}/Manifest.lock\" > /dev/null\nif [ $? != 0 ] ; then\n    # print error to STDERR\n    echo \"error: The sandbox is not in sync with the Podfile.lock. Run 'pod install' or update your CocoaPods installation.\" >&2\n    exit 1\nfi\n# This output is used by Xcode 'outputs' to avoid re-running this script phase.\necho \"SUCCESS\" > \"${SCRIPT_OUTPUT_FILE_0}\"\n";
			showEnvVarsInLog = 0;
		};
		A39F30EC06DE38FAAEA48394 /* [CP] Check Pods Manifest.lock */ = {
			isa = PBXShellScriptBuildPhase;
			buildActionMask = 2147483647;
			files = (
			);
			inputPaths = (
				"${PODS_PODFILE_DIR_PATH}/Podfile.lock",
				"${PODS_ROOT}/Manifest.lock",
			);
			name = "[CP] Check Pods Manifest.lock";
			outputPaths = (
				"$(DERIVED_FILE_DIR)/Pods-ARTest-svUITests-checkManifestLockResult.txt",
			);
			runOnlyForDeploymentPostprocessing = 0;
			shellPath = /bin/sh;
			shellScript = "diff \"${PODS_PODFILE_DIR_PATH}/Podfile.lock\" \"${PODS_ROOT}/Manifest.lock\" > /dev/null\nif [ $? != 0 ] ; then\n    # print error to STDERR\n    echo \"error: The sandbox is not in sync with the Podfile.lock. Run 'pod install' or update your CocoaPods installation.\" >&2\n    exit 1\nfi\n# This output is used by Xcode 'outputs' to avoid re-running this script phase.\necho \"SUCCESS\" > \"${SCRIPT_OUTPUT_FILE_0}\"\n";
			showEnvVarsInLog = 0;
		};
		B335A35CA39CF3A7A1108639 /* [CP] Copy Pods Resources */ = {
			isa = PBXShellScriptBuildPhase;
			buildActionMask = 2147483647;
			files = (
			);
			inputPaths = (
				"${SRCROOT}/Pods/Target Support Files/Pods-ARTest-sv/Pods-ARTest-sv-resources.sh",
				"${PODS_ROOT}/AMap3DMap/MAMapKit.framework/AMap.bundle",
				"${PODS_ROOT}/AVOSCloud/AVOS/AVOSCloud/AVOSCloud_Art.inc",
			);
			name = "[CP] Copy Pods Resources";
			outputPaths = (
				"${TARGET_BUILD_DIR}/${UNLOCALIZED_RESOURCES_FOLDER_PATH}/AMap.bundle",
				"${TARGET_BUILD_DIR}/${UNLOCALIZED_RESOURCES_FOLDER_PATH}/AVOSCloud_Art.inc",
			);
			runOnlyForDeploymentPostprocessing = 0;
			shellPath = /bin/sh;
			shellScript = "\"${SRCROOT}/Pods/Target Support Files/Pods-ARTest-sv/Pods-ARTest-sv-resources.sh\"\n";
			showEnvVarsInLog = 0;
		};
		E56001D6E73A5004176DE087 /* [CP] Check Pods Manifest.lock */ = {
			isa = PBXShellScriptBuildPhase;
			buildActionMask = 2147483647;
			files = (
			);
			inputPaths = (
				"${PODS_PODFILE_DIR_PATH}/Podfile.lock",
				"${PODS_ROOT}/Manifest.lock",
			);
			name = "[CP] Check Pods Manifest.lock";
			outputPaths = (
				"$(DERIVED_FILE_DIR)/Pods-ARTest-svTests-checkManifestLockResult.txt",
			);
			runOnlyForDeploymentPostprocessing = 0;
			shellPath = /bin/sh;
			shellScript = "diff \"${PODS_PODFILE_DIR_PATH}/Podfile.lock\" \"${PODS_ROOT}/Manifest.lock\" > /dev/null\nif [ $? != 0 ] ; then\n    # print error to STDERR\n    echo \"error: The sandbox is not in sync with the Podfile.lock. Run 'pod install' or update your CocoaPods installation.\" >&2\n    exit 1\nfi\n# This output is used by Xcode 'outputs' to avoid re-running this script phase.\necho \"SUCCESS\" > \"${SCRIPT_OUTPUT_FILE_0}\"\n";
			showEnvVarsInLog = 0;
		};
/* End PBXShellScriptBuildPhase section */

/* Begin PBXSourcesBuildPhase section */
		900870E0231E479E00BB3650 /* Sources */ = {
			isa = PBXSourcesBuildPhase;
			buildActionMask = 2147483647;
			files = (
				90F6483E2325E4AA00ADFE9F /* ChatView.m in Sources */,
				900870F2231E479E00BB3650 /* ARTest_sv.xcdatamodeld in Sources */,
				900870EC231E479E00BB3650 /* ViewController.m in Sources */,
				900870FA231E479F00BB3650 /* main.m in Sources */,
				903F27FA23209A7400F63512 /* MapViewController.m in Sources */,
				9008711F231E482C00BB3650 /* ARSCNViewController.m in Sources */,
				900870E9231E479E00BB3650 /* AppDelegate.m in Sources */,
				903F280023209D4100F63512 /* ZXNavVC.m in Sources */,
				90F6483B23223CD100ADFE9F /* ZXPinAnnotationView.m in Sources */,
			);
			runOnlyForDeploymentPostprocessing = 0;
		};
		900870FB231E479F00BB3650 /* Sources */ = {
			isa = PBXSourcesBuildPhase;
			buildActionMask = 2147483647;
			files = (
				90087104231E479F00BB3650 /* ARTest_svTests.m in Sources */,
			);
			runOnlyForDeploymentPostprocessing = 0;
		};
		90087106231E479F00BB3650 /* Sources */ = {
			isa = PBXSourcesBuildPhase;
			buildActionMask = 2147483647;
			files = (
				9008710F231E479F00BB3650 /* ARTest_svUITests.m in Sources */,
			);
			runOnlyForDeploymentPostprocessing = 0;
		};
/* End PBXSourcesBuildPhase section */

/* Begin PBXTargetDependency section */
		90087101231E479F00BB3650 /* PBXTargetDependency */ = {
			isa = PBXTargetDependency;
			target = 900870E3231E479E00BB3650 /* ARTest-sv */;
			targetProxy = 90087100231E479F00BB3650 /* PBXContainerItemProxy */;
		};
		9008710C231E479F00BB3650 /* PBXTargetDependency */ = {
			isa = PBXTargetDependency;
			target = 900870E3231E479E00BB3650 /* ARTest-sv */;
			targetProxy = 9008710B231E479F00BB3650 /* PBXContainerItemProxy */;
		};
/* End PBXTargetDependency section */

/* Begin PBXVariantGroup section */
		900870ED231E479E00BB3650 /* Main.storyboard */ = {
			isa = PBXVariantGroup;
			children = (
				900870EE231E479E00BB3650 /* Base */,
			);
			name = Main.storyboard;
			sourceTree = "<group>";
		};
		900870F5231E479F00BB3650 /* LaunchScreen.storyboard */ = {
			isa = PBXVariantGroup;
			children = (
				900870F6231E479F00BB3650 /* Base */,
			);
			name = LaunchScreen.storyboard;
			sourceTree = "<group>";
		};
/* End PBXVariantGroup section */

/* Begin XCBuildConfiguration section */
		90087111231E479F00BB3650 /* Debug */ = {
			isa = XCBuildConfiguration;
			buildSettings = {
				ALWAYS_SEARCH_USER_PATHS = NO;
				CLANG_ANALYZER_NONNULL = YES;
				CLANG_ANALYZER_NUMBER_OBJECT_CONVERSION = YES_AGGRESSIVE;
				CLANG_CXX_LANGUAGE_STANDARD = "gnu++14";
				CLANG_CXX_LIBRARY = "libc++";
				CLANG_ENABLE_MODULES = YES;
				CLANG_ENABLE_OBJC_ARC = YES;
				CLANG_ENABLE_OBJC_WEAK = YES;
				CLANG_WARN_BLOCK_CAPTURE_AUTORELEASING = YES;
				CLANG_WARN_BOOL_CONVERSION = YES;
				CLANG_WARN_COMMA = YES;
				CLANG_WARN_CONSTANT_CONVERSION = YES;
				CLANG_WARN_DEPRECATED_OBJC_IMPLEMENTATIONS = YES;
				CLANG_WARN_DIRECT_OBJC_ISA_USAGE = YES_ERROR;
				CLANG_WARN_DOCUMENTATION_COMMENTS = YES;
				CLANG_WARN_EMPTY_BODY = YES;
				CLANG_WARN_ENUM_CONVERSION = YES;
				CLANG_WARN_INFINITE_RECURSION = YES;
				CLANG_WARN_INT_CONVERSION = YES;
				CLANG_WARN_NON_LITERAL_NULL_CONVERSION = YES;
				CLANG_WARN_OBJC_IMPLICIT_RETAIN_SELF = YES;
				CLANG_WARN_OBJC_LITERAL_CONVERSION = YES;
				CLANG_WARN_OBJC_ROOT_CLASS = YES_ERROR;
				CLANG_WARN_RANGE_LOOP_ANALYSIS = YES;
				CLANG_WARN_STRICT_PROTOTYPES = YES;
				CLANG_WARN_SUSPICIOUS_MOVE = YES;
				CLANG_WARN_UNGUARDED_AVAILABILITY = YES_AGGRESSIVE;
				CLANG_WARN_UNREACHABLE_CODE = YES;
				CLANG_WARN__DUPLICATE_METHOD_MATCH = YES;
				CODE_SIGN_IDENTITY = "iPhone Developer";
				COPY_PHASE_STRIP = NO;
				DEBUG_INFORMATION_FORMAT = dwarf;
				ENABLE_STRICT_OBJC_MSGSEND = YES;
				ENABLE_TESTABILITY = YES;
				GCC_C_LANGUAGE_STANDARD = gnu11;
				GCC_DYNAMIC_NO_PIC = NO;
				GCC_NO_COMMON_BLOCKS = YES;
				GCC_OPTIMIZATION_LEVEL = 0;
				GCC_PREPROCESSOR_DEFINITIONS = (
					"DEBUG=1",
					"$(inherited)",
				);
				GCC_WARN_64_TO_32_BIT_CONVERSION = YES;
				GCC_WARN_ABOUT_RETURN_TYPE = YES_ERROR;
				GCC_WARN_UNDECLARED_SELECTOR = YES;
				GCC_WARN_UNINITIALIZED_AUTOS = YES_AGGRESSIVE;
				GCC_WARN_UNUSED_FUNCTION = YES;
				GCC_WARN_UNUSED_VARIABLE = YES;
				IPHONEOS_DEPLOYMENT_TARGET = 12.2;
				MTL_ENABLE_DEBUG_INFO = INCLUDE_SOURCE;
				MTL_FAST_MATH = YES;
				ONLY_ACTIVE_ARCH = YES;
				SDKROOT = iphoneos;
			};
			name = Debug;
		};
		90087112231E479F00BB3650 /* Release */ = {
			isa = XCBuildConfiguration;
			buildSettings = {
				ALWAYS_SEARCH_USER_PATHS = NO;
				CLANG_ANALYZER_NONNULL = YES;
				CLANG_ANALYZER_NUMBER_OBJECT_CONVERSION = YES_AGGRESSIVE;
				CLANG_CXX_LANGUAGE_STANDARD = "gnu++14";
				CLANG_CXX_LIBRARY = "libc++";
				CLANG_ENABLE_MODULES = YES;
				CLANG_ENABLE_OBJC_ARC = YES;
				CLANG_ENABLE_OBJC_WEAK = YES;
				CLANG_WARN_BLOCK_CAPTURE_AUTORELEASING = YES;
				CLANG_WARN_BOOL_CONVERSION = YES;
				CLANG_WARN_COMMA = YES;
				CLANG_WARN_CONSTANT_CONVERSION = YES;
				CLANG_WARN_DEPRECATED_OBJC_IMPLEMENTATIONS = YES;
				CLANG_WARN_DIRECT_OBJC_ISA_USAGE = YES_ERROR;
				CLANG_WARN_DOCUMENTATION_COMMENTS = YES;
				CLANG_WARN_EMPTY_BODY = YES;
				CLANG_WARN_ENUM_CONVERSION = YES;
				CLANG_WARN_INFINITE_RECURSION = YES;
				CLANG_WARN_INT_CONVERSION = YES;
				CLANG_WARN_NON_LITERAL_NULL_CONVERSION = YES;
				CLANG_WARN_OBJC_IMPLICIT_RETAIN_SELF = YES;
				CLANG_WARN_OBJC_LITERAL_CONVERSION = YES;
				CLANG_WARN_OBJC_ROOT_CLASS = YES_ERROR;
				CLANG_WARN_RANGE_LOOP_ANALYSIS = YES;
				CLANG_WARN_STRICT_PROTOTYPES = YES;
				CLANG_WARN_SUSPICIOUS_MOVE = YES;
				CLANG_WARN_UNGUARDED_AVAILABILITY = YES_AGGRESSIVE;
				CLANG_WARN_UNREACHABLE_CODE = YES;
				CLANG_WARN__DUPLICATE_METHOD_MATCH = YES;
				CODE_SIGN_IDENTITY = "iPhone Developer";
				COPY_PHASE_STRIP = NO;
				DEBUG_INFORMATION_FORMAT = "dwarf-with-dsym";
				ENABLE_NS_ASSERTIONS = NO;
				ENABLE_STRICT_OBJC_MSGSEND = YES;
				GCC_C_LANGUAGE_STANDARD = gnu11;
				GCC_NO_COMMON_BLOCKS = YES;
				GCC_WARN_64_TO_32_BIT_CONVERSION = YES;
				GCC_WARN_ABOUT_RETURN_TYPE = YES_ERROR;
				GCC_WARN_UNDECLARED_SELECTOR = YES;
				GCC_WARN_UNINITIALIZED_AUTOS = YES_AGGRESSIVE;
				GCC_WARN_UNUSED_FUNCTION = YES;
				GCC_WARN_UNUSED_VARIABLE = YES;
				IPHONEOS_DEPLOYMENT_TARGET = 12.2;
				MTL_ENABLE_DEBUG_INFO = NO;
				MTL_FAST_MATH = YES;
				SDKROOT = iphoneos;
				VALIDATE_PRODUCT = YES;
			};
			name = Release;
		};
		90087114231E479F00BB3650 /* Debug */ = {
			isa = XCBuildConfiguration;
			baseConfigurationReference = E58C799ED39E9CFB07817BF1 /* Pods-ARTest-sv.debug.xcconfig */;
			buildSettings = {
				ASSETCATALOG_COMPILER_APPICON_NAME = AppIcon;
				CODE_SIGN_STYLE = Automatic;
				DEVELOPMENT_TEAM = ZLA5U3LJDE;
				GCC_PRECOMPILE_PREFIX_HEADER = YES;
				GCC_PREFIX_HEADER = "ARTest-sv/Base/Other/PrefixHeader.pch";
				INFOPLIST_FILE = "$(SRCROOT)/ARTest-sv/Configure/Info.plist";
				LD_RUNPATH_SEARCH_PATHS = (
					"$(inherited)",
					"@executable_path/Frameworks",
				);
				PRODUCT_BUNDLE_IDENTIFIER = "com.zxc.like.ARTest-sv";
				PRODUCT_NAME = "$(TARGET_NAME)";
				TARGETED_DEVICE_FAMILY = "1,2";
			};
			name = Debug;
		};
		90087115231E479F00BB3650 /* Release */ = {
			isa = XCBuildConfiguration;
			baseConfigurationReference = 1C39673A81F75B419971BD37 /* Pods-ARTest-sv.release.xcconfig */;
			buildSettings = {
				ASSETCATALOG_COMPILER_APPICON_NAME = AppIcon;
				CODE_SIGN_STYLE = Automatic;
				DEVELOPMENT_TEAM = ZLA5U3LJDE;
				GCC_PRECOMPILE_PREFIX_HEADER = YES;
				GCC_PREFIX_HEADER = "ARTest-sv/Base/Other/PrefixHeader.pch";
				INFOPLIST_FILE = "$(SRCROOT)/ARTest-sv/Configure/Info.plist";
				LD_RUNPATH_SEARCH_PATHS = (
					"$(inherited)",
					"@executable_path/Frameworks",
				);
				PRODUCT_BUNDLE_IDENTIFIER = "com.zxc.like.ARTest-sv";
				PRODUCT_NAME = "$(TARGET_NAME)";
				TARGETED_DEVICE_FAMILY = "1,2";
			};
			name = Release;
		};
		90087117231E479F00BB3650 /* Debug */ = {
			isa = XCBuildConfiguration;
			baseConfigurationReference = 4895A3D5A30C7449408B0F87 /* Pods-ARTest-svTests.debug.xcconfig */;
			buildSettings = {
				BUNDLE_LOADER = "$(TEST_HOST)";
				CODE_SIGN_STYLE = Automatic;
				DEVELOPMENT_TEAM = ZLA5U3LJDE;
				INFOPLIST_FILE = "ARTest-svTests/Info.plist";
				LD_RUNPATH_SEARCH_PATHS = (
					"$(inherited)",
					"@executable_path/Frameworks",
					"@loader_path/Frameworks",
				);
				PRODUCT_BUNDLE_IDENTIFIER = "com.zxc.like.ARTest-svTests";
				PRODUCT_NAME = "$(TARGET_NAME)";
				TARGETED_DEVICE_FAMILY = "1,2";
				TEST_HOST = "$(BUILT_PRODUCTS_DIR)/ARTest-sv.app/ARTest-sv";
			};
			name = Debug;
		};
		90087118231E479F00BB3650 /* Release */ = {
			isa = XCBuildConfiguration;
			baseConfigurationReference = AF4DE659E1748D6253CBEA6E /* Pods-ARTest-svTests.release.xcconfig */;
			buildSettings = {
				BUNDLE_LOADER = "$(TEST_HOST)";
				CODE_SIGN_STYLE = Automatic;
				DEVELOPMENT_TEAM = ZLA5U3LJDE;
				INFOPLIST_FILE = "ARTest-svTests/Info.plist";
				LD_RUNPATH_SEARCH_PATHS = (
					"$(inherited)",
					"@executable_path/Frameworks",
					"@loader_path/Frameworks",
				);
				PRODUCT_BUNDLE_IDENTIFIER = "com.zxc.like.ARTest-svTests";
				PRODUCT_NAME = "$(TARGET_NAME)";
				TARGETED_DEVICE_FAMILY = "1,2";
				TEST_HOST = "$(BUILT_PRODUCTS_DIR)/ARTest-sv.app/ARTest-sv";
			};
			name = Release;
		};
		9008711A231E479F00BB3650 /* Debug */ = {
			isa = XCBuildConfiguration;
			baseConfigurationReference = 6EA528C33D43E52AFD2922B5 /* Pods-ARTest-svUITests.debug.xcconfig */;
			buildSettings = {
				CODE_SIGN_STYLE = Automatic;
				DEVELOPMENT_TEAM = ZLA5U3LJDE;
				INFOPLIST_FILE = "ARTest-svUITests/Info.plist";
				LD_RUNPATH_SEARCH_PATHS = (
					"$(inherited)",
					"@executable_path/Frameworks",
					"@loader_path/Frameworks",
				);
				PRODUCT_BUNDLE_IDENTIFIER = "com.zxc.like.ARTest-svUITests";
				PRODUCT_NAME = "$(TARGET_NAME)";
				TARGETED_DEVICE_FAMILY = "1,2";
				TEST_TARGET_NAME = "ARTest-sv";
			};
			name = Debug;
		};
		9008711B231E479F00BB3650 /* Release */ = {
			isa = XCBuildConfiguration;
			baseConfigurationReference = 875EBDBA9392D110DE95F7C4 /* Pods-ARTest-svUITests.release.xcconfig */;
			buildSettings = {
				CODE_SIGN_STYLE = Automatic;
				DEVELOPMENT_TEAM = ZLA5U3LJDE;
				INFOPLIST_FILE = "ARTest-svUITests/Info.plist";
				LD_RUNPATH_SEARCH_PATHS = (
					"$(inherited)",
					"@executable_path/Frameworks",
					"@loader_path/Frameworks",
				);
				PRODUCT_BUNDLE_IDENTIFIER = "com.zxc.like.ARTest-svUITests";
				PRODUCT_NAME = "$(TARGET_NAME)";
				TARGETED_DEVICE_FAMILY = "1,2";
				TEST_TARGET_NAME = "ARTest-sv";
			};
			name = Release;
		};
/* End XCBuildConfiguration section */

/* Begin XCConfigurationList section */
		900870DF231E479E00BB3650 /* Build configuration list for PBXProject "ARTest-sv" */ = {
			isa = XCConfigurationList;
			buildConfigurations = (
				90087111231E479F00BB3650 /* Debug */,
				90087112231E479F00BB3650 /* Release */,
			);
			defaultConfigurationIsVisible = 0;
			defaultConfigurationName = Release;
		};
		90087113231E479F00BB3650 /* Build configuration list for PBXNativeTarget "ARTest-sv" */ = {
			isa = XCConfigurationList;
			buildConfigurations = (
				90087114231E479F00BB3650 /* Debug */,
				90087115231E479F00BB3650 /* Release */,
			);
			defaultConfigurationIsVisible = 0;
			defaultConfigurationName = Release;
		};
		90087116231E479F00BB3650 /* Build configuration list for PBXNativeTarget "ARTest-svTests" */ = {
			isa = XCConfigurationList;
			buildConfigurations = (
				90087117231E479F00BB3650 /* Debug */,
				90087118231E479F00BB3650 /* Release */,
			);
			defaultConfigurationIsVisible = 0;
			defaultConfigurationName = Release;
		};
		90087119231E479F00BB3650 /* Build configuration list for PBXNativeTarget "ARTest-svUITests" */ = {
			isa = XCConfigurationList;
			buildConfigurations = (
				9008711A231E479F00BB3650 /* Debug */,
				9008711B231E479F00BB3650 /* Release */,
			);
			defaultConfigurationIsVisible = 0;
			defaultConfigurationName = Release;
		};
/* End XCConfigurationList section */

/* Begin XCVersionGroup section */
		900870F0231E479E00BB3650 /* ARTest_sv.xcdatamodeld */ = {
			isa = XCVersionGroup;
			children = (
				900870F1231E479E00BB3650 /* ARTest_sv.xcdatamodel */,
			);
			currentVersion = 900870F1231E479E00BB3650 /* ARTest_sv.xcdatamodel */;
			path = ARTest_sv.xcdatamodeld;
			sourceTree = "<group>";
			versionGroupType = wrapper.xcdatamodel;
		};
/* End XCVersionGroup section */
	};
	rootObject = 900870DC231E479E00BB3650 /* Project object */;
}
